
Microsoft Visual Studio Solution File, Format Version 12.00
# Visual Studio Version 16
VisualStudioVersion = 16.0.31410.357
MinimumVisualStudioVersion = 10.0.40219.1
Project("{FAE04EC0-301F-11D3-BF4B-00C04F79EFBC}") = "TicTacToeV2", "TicTacToeV2\TicTacToeV2.csproj", "{7252ED3A-C337-459A-BA2B-2C961A6D335E}"
EndProject
Global
	GlobalSection(SolutionConfigurationPlatforms) = preSolution
		Debug|Any CPU = Debug|Any CPU
		Release|Any CPU = Release|Any CPU
	EndGlobalSection
	GlobalSection(ProjectConfigurationPlatforms) = postSolution
		{7252ED3A-C337-459A-BA2B-2C961A6D335E}.Debug|Any CPU.ActiveCfg = Debug|Any CPU
		{7252ED3A-C337-459A-BA2B-2C961A6D335E}.Debug|Any CPU.Build.0 = Debug|Any CPU
		{7252ED3A-C337-459A-BA2B-2C961A6D335E}.Release|Any CPU.ActiveCfg = Release|Any CPU
		{7252ED3A-C337-459A-BA2B-2C961A6D335E}.Release|Any CPU.Build.0 = Release|Any CPU
	EndGlobalSection
	GlobalSection(SolutionProperties) = preSolution
		HideSolutionNode = FALSE
	EndGlobalSection
	GlobalSection(ExtensibilityGlobals) = postSolution
		SolutionGuid = {A4244C9F-263B-4C84-A189-A51EC6201F20}
	EndGlobalSection
EndGlobal
